// !$*UTF8*$!
{
	archiveVersion = 1;
	classes = {
	};
	objectVersion = 46;
	objects = {

/* Begin PBXBuildFile section */
		3119993B1CD859E10073B45C /* AppDelegate.swift in Sources */ = {isa = PBXBuildFile; fileRef = 3119993A1CD859E10073B45C /* AppDelegate.swift */; };
		3119993D1CD859E10073B45C /* ViewController.swift in Sources */ = {isa = PBXBuildFile; fileRef = 3119993C1CD859E10073B45C /* ViewController.swift */; };
		311999401CD859E10073B45C /* Main.storyboard in Resources */ = {isa = PBXBuildFile; fileRef = 3119993E1CD859E10073B45C /* Main.storyboard */; };
		311999421CD859E10073B45C /* Assets.xcassets in Resources */ = {isa = PBXBuildFile; fileRef = 311999411CD859E10073B45C /* Assets.xcassets */; };
		311999451CD859E10073B45C /* LaunchScreen.storyboard in Resources */ = {isa = PBXBuildFile; fileRef = 311999431CD859E10073B45C /* LaunchScreen.storyboard */; };
		3119994D1CD85E370073B45C /* tamanoVC.swift in Sources */ = {isa = PBXBuildFile; fileRef = 3119994C1CD85E370073B45C /* tamanoVC.swift */; };
		3119994F1CD864180073B45C /* masaVC.swift in Sources */ = {isa = PBXBuildFile; fileRef = 3119994E1CD864180073B45C /* masaVC.swift */; };
		312000A61CD9413800956A72 /* quesoVC.swift in Sources */ = {isa = PBXBuildFile; fileRef = 312000A51CD9413800956A72 /* quesoVC.swift */; };
		312E988A1CDD76CD00D27E6B /* confirmaVC.swift in Sources */ = {isa = PBXBuildFile; fileRef = 312E98891CDD76CD00D27E6B /* confirmaVC.swift */; };
		31714C741CDD263E000A7BE0 /* adicionalesVC.swift in Sources */ = {isa = PBXBuildFile; fileRef = 31714C731CDD263E000A7BE0 /* adicionalesVC.swift */; };
		318944FF1CE91EF300AC7B88 /* PizzaCo.swift in Sources */ = {isa = PBXBuildFile; fileRef = 318944FE1CE91EF300AC7B88 /* PizzaCo.swift */; };
		318945011CE9229800AC7B88 /* pizzaCoWKIC.swift in Sources */ = {isa = PBXBuildFile; fileRef = 318945001CE9229800AC7B88 /* pizzaCoWKIC.swift */; };
		31DA0BEC1CE8335600BEBCAB /* InterfaceController.swift in Sources */ = {isa = PBXBuildFile; fileRef = 31DA0BEB1CE8335600BEBCAB /* InterfaceController.swift */; };
		31DA0BEE1CE8335600BEBCAB /* Assets.xcassets in Resources */ = {isa = PBXBuildFile; fileRef = 31DA0BED1CE8335600BEBCAB /* Assets.xcassets */; };
		31DA0BF31CE8335600BEBCAB /* ordenaTuPizza2 WatchKit 1 App.app in Resources */ = {isa = PBXBuildFile; fileRef = 31DA0BF21CE8335600BEBCAB /* ordenaTuPizza2 WatchKit 1 App.app */; };
		31DA0BF91CE8335600BEBCAB /* Interface.storyboard in Resources */ = {isa = PBXBuildFile; fileRef = 31DA0BF71CE8335600BEBCAB /* Interface.storyboard */; };
		31DA0BFB1CE8335700BEBCAB /* Assets.xcassets in Resources */ = {isa = PBXBuildFile; fileRef = 31DA0BFA1CE8335700BEBCAB /* Assets.xcassets */; };
		31DA0BFF1CE8335700BEBCAB /* ordenaTuPizza2 WatchKit 1 Extension.appex in Embed App Extensions */ = {isa = PBXBuildFile; fileRef = 31DA0BE91CE8335500BEBCAB /* ordenaTuPizza2 WatchKit 1 Extension.appex */; settings = {ATTRIBUTES = (RemoveHeadersOnCopy, ); }; };
		31DA0C081CE835C200BEBCAB /* Tamano.swift in Sources */ = {isa = PBXBuildFile; fileRef = 31DA0C071CE835C200BEBCAB /* Tamano.swift */; };
		31DA0C0A1CE8382C00BEBCAB /* masaWKIC.swift in Sources */ = {isa = PBXBuildFile; fileRef = 31DA0C091CE8382C00BEBCAB /* masaWKIC.swift */; };
		31DA0C0C1CE8465F00BEBCAB /* PizzaQ.swift in Sources */ = {isa = PBXBuildFile; fileRef = 31DA0C0B1CE8465F00BEBCAB /* PizzaQ.swift */; };
		31DA0C0E1CE8497500BEBCAB /* quesoWKIC.swift in Sources */ = {isa = PBXBuildFile; fileRef = 31DA0C0D1CE8497500BEBCAB /* quesoWKIC.swift */; };
		31DA0C101CE84D3600BEBCAB /* PizzaAd.swift in Sources */ = {isa = PBXBuildFile; fileRef = 31DA0C0F1CE84D3600BEBCAB /* PizzaAd.swift */; };
		31DA0C121CE84F7A00BEBCAB /* adIcionalWKIC.swift in Sources */ = {isa = PBXBuildFile; fileRef = 31DA0C111CE84F7A00BEBCAB /* adIcionalWKIC.swift */; };
/* End PBXBuildFile section */

/* Begin PBXContainerItemProxy section */
		31DA0BF41CE8335600BEBCAB /* PBXContainerItemProxy */ = {
			isa = PBXContainerItemProxy;
			containerPortal = 3119992F1CD859E10073B45C /* Project object */;
			proxyType = 1;
			remoteGlobalIDString = 31DA0BF11CE8335600BEBCAB;
			remoteInfo = "ordenaTuPizza2 WatchKit 1 App";
		};
		31DA0BFD1CE8335700BEBCAB /* PBXContainerItemProxy */ = {
			isa = PBXContainerItemProxy;
			containerPortal = 3119992F1CD859E10073B45C /* Project object */;
			proxyType = 1;
			remoteGlobalIDString = 31DA0BE81CE8335500BEBCAB;
			remoteInfo = "ordenaTuPizza2 WatchKit 1 Extension";
		};
/* End PBXContainerItemProxy section */

/* Begin PBXCopyFilesBuildPhase section */
		31DA0C061CE8335700BEBCAB /* Embed App Extensions */ = {
			isa = PBXCopyFilesBuildPhase;
			buildActionMask = 2147483647;
			dstPath = "";
			dstSubfolderSpec = 13;
			files = (
				31DA0BFF1CE8335700BEBCAB /* ordenaTuPizza2 WatchKit 1 Extension.appex in Embed App Extensions */,
			);
			name = "Embed App Extensions";
			runOnlyForDeploymentPostprocessing = 0;
		};
/* End PBXCopyFilesBuildPhase section */

/* Begin PBXFileReference section */
		311999371CD859E10073B45C /* ordenaTuPizza2.app */ = {isa = PBXFileReference; explicitFileType = wrapper.application; includeInIndex = 0; path = ordenaTuPizza2.app; sourceTree = BUILT_PRODUCTS_DIR; };
		3119993A1CD859E10073B45C /* AppDelegate.swift */ = {isa = PBXFileReference; lastKnownFileType = sourcecode.swift; path = AppDelegate.swift; sourceTree = "<group>"; };
		3119993C1CD859E10073B45C /* ViewController.swift */ = {isa = PBXFileReference; lastKnownFileType = sourcecode.swift; path = ViewController.swift; sourceTree = "<group>"; };
		3119993F1CD859E10073B45C /* Base */ = {isa = PBXFileReference; lastKnownFileType = file.storyboard; name = Base; path = Base.lproj/Main.storyboard; sourceTree = "<group>"; };
		311999411CD859E10073B45C /* Assets.xcassets */ = {isa = PBXFileReference; lastKnownFileType = folder.assetcatalog; path = Assets.xcassets; sourceTree = "<group>"; };
		311999441CD859E10073B45C /* Base */ = {isa = PBXFileReference; lastKnownFileType = file.storyboard; name = Base; path = Base.lproj/LaunchScreen.storyboard; sourceTree = "<group>"; };
		311999461CD859E10073B45C /* Info.plist */ = {isa = PBXFileReference; lastKnownFileType = text.plist.xml; path = Info.plist; sourceTree = "<group>"; };
		3119994C1CD85E370073B45C /* tamanoVC.swift */ = {isa = PBXFileReference; fileEncoding = 4; lastKnownFileType = sourcecode.swift; path = tamanoVC.swift; sourceTree = "<group>"; };
		3119994E1CD864180073B45C /* masaVC.swift */ = {isa = PBXFileReference; fileEncoding = 4; lastKnownFileType = sourcecode.swift; path = masaVC.swift; sourceTree = "<group>"; };
		312000A51CD9413800956A72 /* quesoVC.swift */ = {isa = PBXFileReference; fileEncoding = 4; lastKnownFileType = sourcecode.swift; path = quesoVC.swift; sourceTree = "<group>"; };
		312E98891CDD76CD00D27E6B /* confirmaVC.swift */ = {isa = PBXFileReference; fileEncoding = 4; lastKnownFileType = sourcecode.swift; path = confirmaVC.swift; sourceTree = "<group>"; };
		31714C731CDD263E000A7BE0 /* adicionalesVC.swift */ = {isa = PBXFileReference; fileEncoding = 4; lastKnownFileType = sourcecode.swift; path = adicionalesVC.swift; sourceTree = "<group>"; };
		318944FE1CE91EF300AC7B88 /* PizzaCo.swift */ = {isa = PBXFileReference; fileEncoding = 4; lastKnownFileType = sourcecode.swift; path = PizzaCo.swift; sourceTree = "<group>"; };
		318945001CE9229800AC7B88 /* pizzaCoWKIC.swift */ = {isa = PBXFileReference; fileEncoding = 4; lastKnownFileType = sourcecode.swift; path = pizzaCoWKIC.swift; sourceTree = "<group>"; };
		31DA0BE91CE8335500BEBCAB /* ordenaTuPizza2 WatchKit 1 Extension.appex */ = {isa = PBXFileReference; explicitFileType = "wrapper.app-extension"; includeInIndex = 0; path = "ordenaTuPizza2 WatchKit 1 Extension.appex"; sourceTree = BUILT_PRODUCTS_DIR; };
		31DA0BEB1CE8335600BEBCAB /* InterfaceController.swift */ = {isa = PBXFileReference; lastKnownFileType = sourcecode.swift; path = InterfaceController.swift; sourceTree = "<group>"; };
		31DA0BED1CE8335600BEBCAB /* Assets.xcassets */ = {isa = PBXFileReference; lastKnownFileType = folder.assetcatalog; path = Assets.xcassets; sourceTree = "<group>"; };
		31DA0BEF1CE8335600BEBCAB /* Info.plist */ = {isa = PBXFileReference; lastKnownFileType = text.plist.xml; path = Info.plist; sourceTree = "<group>"; };
		31DA0BF21CE8335600BEBCAB /* ordenaTuPizza2 WatchKit 1 App.app */ = {isa = PBXFileReference; explicitFileType = wrapper.application; includeInIndex = 0; path = "ordenaTuPizza2 WatchKit 1 App.app"; sourceTree = BUILT_PRODUCTS_DIR; };
		31DA0BF81CE8335600BEBCAB /* Base */ = {isa = PBXFileReference; lastKnownFileType = file.storyboard; name = Base; path = Base.lproj/Interface.storyboard; sourceTree = "<group>"; };
		31DA0BFA1CE8335700BEBCAB /* Assets.xcassets */ = {isa = PBXFileReference; lastKnownFileType = folder.assetcatalog; path = Assets.xcassets; sourceTree = "<group>"; };
		31DA0BFC1CE8335700BEBCAB /* Info.plist */ = {isa = PBXFileReference; lastKnownFileType = text.plist.xml; path = Info.plist; sourceTree = "<group>"; };
		31DA0C071CE835C200BEBCAB /* Tamano.swift */ = {isa = PBXFileReference; fileEncoding = 4; lastKnownFileType = sourcecode.swift; path = Tamano.swift; sourceTree = "<group>"; };
		31DA0C091CE8382C00BEBCAB /* masaWKIC.swift */ = {isa = PBXFileReference; fileEncoding = 4; lastKnownFileType = sourcecode.swift; path = masaWKIC.swift; sourceTree = "<group>"; };
		31DA0C0B1CE8465F00BEBCAB /* PizzaQ.swift */ = {isa = PBXFileReference; fileEncoding = 4; lastKnownFileType = sourcecode.swift; path = PizzaQ.swift; sourceTree = "<group>"; };
		31DA0C0D1CE8497500BEBCAB /* quesoWKIC.swift */ = {isa = PBXFileReference; fileEncoding = 4; lastKnownFileType = sourcecode.swift; path = quesoWKIC.swift; sourceTree = "<group>"; };
		31DA0C0F1CE84D3600BEBCAB /* PizzaAd.swift */ = {isa = PBXFileReference; fileEncoding = 4; lastKnownFileType = sourcecode.swift; path = PizzaAd.swift; sourceTree = "<group>"; };
		31DA0C111CE84F7A00BEBCAB /* adIcionalWKIC.swift */ = {isa = PBXFileReference; fileEncoding = 4; lastKnownFileType = sourcecode.swift; path = adIcionalWKIC.swift; sourceTree = "<group>"; };
/* End PBXFileReference section */

/* Begin PBXFrameworksBuildPhase section */
		311999341CD859E10073B45C /* Frameworks */ = {
			isa = PBXFrameworksBuildPhase;
			buildActionMask = 2147483647;
			files = (
			);
			runOnlyForDeploymentPostprocessing = 0;
		};
		31DA0BE61CE8335500BEBCAB /* Frameworks */ = {
			isa = PBXFrameworksBuildPhase;
			buildActionMask = 2147483647;
			files = (
			);
			runOnlyForDeploymentPostprocessing = 0;
		};
/* End PBXFrameworksBuildPhase section */

/* Begin PBXGroup section */
		3119992E1CD859E10073B45C = {
			isa = PBXGroup;
			children = (
				311999391CD859E10073B45C /* ordenaTuPizza2 */,
				31DA0BEA1CE8335500BEBCAB /* ordenaTuPizza2 WatchKit 1 Extension */,
				31DA0BF61CE8335600BEBCAB /* ordenaTuPizza2 WatchKit 1 App */,
				311999381CD859E10073B45C /* Products */,
			);
			sourceTree = "<group>";
		};
		311999381CD859E10073B45C /* Products */ = {
			isa = PBXGroup;
			children = (
				311999371CD859E10073B45C /* ordenaTuPizza2.app */,
				31DA0BE91CE8335500BEBCAB /* ordenaTuPizza2 WatchKit 1 Extension.appex */,
				31DA0BF21CE8335600BEBCAB /* ordenaTuPizza2 WatchKit 1 App.app */,
			);
			name = Products;
			sourceTree = "<group>";
		};
		311999391CD859E10073B45C /* ordenaTuPizza2 */ = {
			isa = PBXGroup;
			children = (
				3119993A1CD859E10073B45C /* AppDelegate.swift */,
				3119993C1CD859E10073B45C /* ViewController.swift */,
				3119993E1CD859E10073B45C /* Main.storyboard */,
				31714C731CDD263E000A7BE0 /* adicionalesVC.swift */,
				312E98891CDD76CD00D27E6B /* confirmaVC.swift */,
				312000A51CD9413800956A72 /* quesoVC.swift */,
				3119994C1CD85E370073B45C /* tamanoVC.swift */,
				3119994E1CD864180073B45C /* masaVC.swift */,
				311999411CD859E10073B45C /* Assets.xcassets */,
				311999431CD859E10073B45C /* LaunchScreen.storyboard */,
				311999461CD859E10073B45C /* Info.plist */,
			);
			path = ordenaTuPizza2;
			sourceTree = "<group>";
		};
		31DA0BEA1CE8335500BEBCAB /* ordenaTuPizza2 WatchKit 1 Extension */ = {
			isa = PBXGroup;
			children = (
				31DA0BEB1CE8335600BEBCAB /* InterfaceController.swift */,
				31DA0BED1CE8335600BEBCAB /* Assets.xcassets */,
				31DA0BEF1CE8335600BEBCAB /* Info.plist */,
				318944FE1CE91EF300AC7B88 /* PizzaCo.swift */,
				318945001CE9229800AC7B88 /* pizzaCoWKIC.swift */,
			);
			path = "ordenaTuPizza2 WatchKit 1 Extension";
			sourceTree = "<group>";
		};
		31DA0BF61CE8335600BEBCAB /* ordenaTuPizza2 WatchKit 1 App */ = {
			isa = PBXGroup;
			children = (
				31DA0BF71CE8335600BEBCAB /* Interface.storyboard */,
				31DA0C071CE835C200BEBCAB /* Tamano.swift */,
				31DA0BFA1CE8335700BEBCAB /* Assets.xcassets */,
				31DA0BFC1CE8335700BEBCAB /* Info.plist */,
				31DA0C091CE8382C00BEBCAB /* masaWKIC.swift */,
				31DA0C0B1CE8465F00BEBCAB /* PizzaQ.swift */,
				31DA0C0D1CE8497500BEBCAB /* quesoWKIC.swift */,
				31DA0C0F1CE84D3600BEBCAB /* PizzaAd.swift */,
				31DA0C111CE84F7A00BEBCAB /* adIcionalWKIC.swift */,
			);
			path = "ordenaTuPizza2 WatchKit 1 App";
			sourceTree = "<group>";
		};
/* End PBXGroup section */

/* Begin PBXNativeTarget section */
		311999361CD859E10073B45C /* ordenaTuPizza2 */ = {
			isa = PBXNativeTarget;
			buildConfigurationList = 311999491CD859E10073B45C /* Build configuration list for PBXNativeTarget "ordenaTuPizza2" */;
			buildPhases = (
				311999331CD859E10073B45C /* Sources */,
				311999341CD859E10073B45C /* Frameworks */,
				311999351CD859E10073B45C /* Resources */,
				31DA0C061CE8335700BEBCAB /* Embed App Extensions */,
			);
			buildRules = (
			);
			dependencies = (
				31DA0BFE1CE8335700BEBCAB /* PBXTargetDependency */,
			);
			name = ordenaTuPizza2;
			productName = ordenaTuPizza2;
			productReference = 311999371CD859E10073B45C /* ordenaTuPizza2.app */;
			productType = "com.apple.product-type.application";
		};
		31DA0BE81CE8335500BEBCAB /* ordenaTuPizza2 WatchKit 1 Extension */ = {
			isa = PBXNativeTarget;
			buildConfigurationList = 31DA0C051CE8335700BEBCAB /* Build configuration list for PBXNativeTarget "ordenaTuPizza2 WatchKit 1 Extension" */;
			buildPhases = (
				31DA0BE51CE8335500BEBCAB /* Sources */,
				31DA0BE61CE8335500BEBCAB /* Frameworks */,
				31DA0BE71CE8335500BEBCAB /* Resources */,
			);
			buildRules = (
			);
			dependencies = (
				31DA0BF51CE8335600BEBCAB /* PBXTargetDependency */,
			);
			name = "ordenaTuPizza2 WatchKit 1 Extension";
			productName = "ordenaTuPizza2 WatchKit 1 Extension";
			productReference = 31DA0BE91CE8335500BEBCAB /* ordenaTuPizza2 WatchKit 1 Extension.appex */;
			productType = "com.apple.product-type.watchkit-extension";
		};
		31DA0BF11CE8335600BEBCAB /* ordenaTuPizza2 WatchKit 1 App */ = {
			isa = PBXNativeTarget;
			buildConfigurationList = 31DA0C041CE8335700BEBCAB /* Build configuration list for PBXNativeTarget "ordenaTuPizza2 WatchKit 1 App" */;
			buildPhases = (
				31DA0BF01CE8335600BEBCAB /* Resources */,
			);
			buildRules = (
			);
			dependencies = (
			);
			name = "ordenaTuPizza2 WatchKit 1 App";
			productName = "ordenaTuPizza2 WatchKit 1 App";
			productReference = 31DA0BF21CE8335600BEBCAB /* ordenaTuPizza2 WatchKit 1 App.app */;
			productType = "com.apple.product-type.application.watchapp";
		};
/* End PBXNativeTarget section */

/* Begin PBXProject section */
		3119992F1CD859E10073B45C /* Project object */ = {
			isa = PBXProject;
			attributes = {
				LastSwiftUpdateCheck = 0730;
				LastUpgradeCheck = 0730;
				ORGANIZATIONNAME = MAPC;
				TargetAttributes = {
					311999361CD859E10073B45C = {
						CreatedOnToolsVersion = 7.3;
					};
					31DA0BE81CE8335500BEBCAB = {
						CreatedOnToolsVersion = 7.3.1;
					};
					31DA0BF11CE8335600BEBCAB = {
						CreatedOnToolsVersion = 7.3.1;
					};
				};
			};
			buildConfigurationList = 311999321CD859E10073B45C /* Build configuration list for PBXProject "ordenaTuPizza2" */;
			compatibilityVersion = "Xcode 3.2";
			developmentRegion = English;
			hasScannedForEncodings = 0;
			knownRegions = (
				en,
				Base,
			);
			mainGroup = 3119992E1CD859E10073B45C;
			productRefGroup = 311999381CD859E10073B45C /* Products */;
			projectDirPath = "";
			projectRoot = "";
			targets = (
				311999361CD859E10073B45C /* ordenaTuPizza2 */,
				31DA0BE81CE8335500BEBCAB /* ordenaTuPizza2 WatchKit 1 Extension */,
				31DA0BF11CE8335600BEBCAB /* ordenaTuPizza2 WatchKit 1 App */,
			);
		};
/* End PBXProject section */

/* Begin PBXResourcesBuildPhase section */
		311999351CD859E10073B45C /* Resources */ = {
			isa = PBXResourcesBuildPhase;
			buildActionMask = 2147483647;
			files = (
				311999451CD859E10073B45C /* LaunchScreen.storyboard in Resources */,
				311999421CD859E10073B45C /* Assets.xcassets in Resources */,
				311999401CD859E10073B45C /* Main.storyboard in Resources */,
			);
			runOnlyForDeploymentPostprocessing = 0;
		};
		31DA0BE71CE8335500BEBCAB /* Resources */ = {
			isa = PBXResourcesBuildPhase;
			buildActionMask = 2147483647;
			files = (
				31DA0BEE1CE8335600BEBCAB /* Assets.xcassets in Resources */,
				31DA0BF31CE8335600BEBCAB /* ordenaTuPizza2 WatchKit 1 App.app in Resources */,
			);
			runOnlyForDeploymentPostprocessing = 0;
		};
		31DA0BF01CE8335600BEBCAB /* Resources */ = {
			isa = PBXResourcesBuildPhase;
			buildActionMask = 2147483647;
			files = (
				31DA0BFB1CE8335700BEBCAB /* Assets.xcassets in Resources */,
				31DA0BF91CE8335600BEBCAB /* Interface.storyboard in Resources */,
			);
			runOnlyForDeploymentPostprocessing = 0;
		};
/* End PBXResourcesBuildPhase section */

/* Begin PBXSourcesBuildPhase section */
		311999331CD859E10073B45C /* Sources */ = {
			isa = PBXSourcesBuildPhase;
			buildActionMask = 2147483647;
			files = (
				3119994D1CD85E370073B45C /* tamanoVC.swift in Sources */,
				3119993D1CD859E10073B45C /* ViewController.swift in Sources */,
				312E988A1CDD76CD00D27E6B /* confirmaVC.swift in Sources */,
				3119994F1CD864180073B45C /* masaVC.swift in Sources */,
				3119993B1CD859E10073B45C /* AppDelegate.swift in Sources */,
				312000A61CD9413800956A72 /* quesoVC.swift in Sources */,
				31714C741CDD263E000A7BE0 /* adicionalesVC.swift in Sources */,
			);
			runOnlyForDeploymentPostprocessing = 0;
		};
		31DA0BE51CE8335500BEBCAB /* Sources */ = {
			isa = PBXSourcesBuildPhase;
			buildActionMask = 2147483647;
			files = (
				318945011CE9229800AC7B88 /* pizzaCoWKIC.swift in Sources */,
				318944FF1CE91EF300AC7B88 /* PizzaCo.swift in Sources */,
				31DA0BEC1CE8335600BEBCAB /* InterfaceController.swift in Sources */,
				31DA0C101CE84D3600BEBCAB /* PizzaAd.swift in Sources */,
				31DA0C0A1CE8382C00BEBCAB /* masaWKIC.swift in Sources */,
				31DA0C0E1CE8497500BEBCAB /* quesoWKIC.swift in Sources */,
				31DA0C0C1CE8465F00BEBCAB /* PizzaQ.swift in Sources */,
				31DA0C081CE835C200BEBCAB /* Tamano.swift in Sources */,
				31DA0C121CE84F7A00BEBCAB /* adIcionalWKIC.swift in Sources */,
			);
			runOnlyForDeploymentPostprocessing = 0;
		};
/* End PBXSourcesBuildPhase section */

/* Begin PBXTargetDependency section */
		31DA0BF51CE8335600BEBCAB /* PBXTargetDependency */ = {
			isa = PBXTargetDependency;
			target = 31DA0BF11CE8335600BEBCAB /* ordenaTuPizza2 WatchKit 1 App */;
			targetProxy = 31DA0BF41CE8335600BEBCAB /* PBXContainerItemProxy */;
		};
		31DA0BFE1CE8335700BEBCAB /* PBXTargetDependency */ = {
			isa = PBXTargetDependency;
			target = 31DA0BE81CE8335500BEBCAB /* ordenaTuPizza2 WatchKit 1 Extension */;
			targetProxy = 31DA0BFD1CE8335700BEBCAB /* PBXContainerItemProxy */;
		};
/* End PBXTargetDependency section */

/* Begin PBXVariantGroup section */
		3119993E1CD859E10073B45C /* Main.storyboard */ = {
			isa = PBXVariantGroup;
			children = (
				3119993F1CD859E10073B45C /* Base */,
			);
			name = Main.storyboard;
			sourceTree = "<group>";
		};
		311999431CD859E10073B45C /* LaunchScreen.storyboard */ = {
			isa = PBXVariantGroup;
			children = (
				311999441CD859E10073B45C /* Base */,
			);
			name = LaunchScreen.storyboard;
			sourceTree = "<group>";
		};
		31DA0BF71CE8335600BEBCAB /* Interface.storyboard */ = {
			isa = PBXVariantGroup;
			children = (
				31DA0BF81CE8335600BEBCAB /* Base */,
			);
			name = Interface.storyboard;
			sourceTree = "<group>";
		};
/* End PBXVariantGroup section */

/* Begin XCBuildConfiguration section */
		311999471CD859E10073B45C /* Debug */ = {
			isa = XCBuildConfiguration;
			buildSettings = {
				ALWAYS_SEARCH_USER_PATHS = NO;
				CLANG_ANALYZER_NONNULL = YES;
				CLANG_CXX_LANGUAGE_STANDARD = "gnu++0x";
				CLANG_CXX_LIBRARY = "libc++";
				CLANG_ENABLE_MODULES = YES;
				CLANG_ENABLE_OBJC_ARC = YES;
				CLANG_WARN_BOOL_CONVERSION = YES;
				CLANG_WARN_CONSTANT_CONVERSION = YES;
				CLANG_WARN_DIRECT_OBJC_ISA_USAGE = YES_ERROR;
				CLANG_WARN_EMPTY_BODY = YES;
				CLANG_WARN_ENUM_CONVERSION = YES;
				CLANG_WARN_INT_CONVERSION = YES;
				CLANG_WARN_OBJC_ROOT_CLASS = YES_ERROR;
				CLANG_WARN_UNREACHABLE_CODE = YES;
				CLANG_WARN__DUPLICATE_METHOD_MATCH = YES;
				"CODE_SIGN_IDENTITY[sdk=iphoneos*]" = "iPhone Developer";
				COPY_PHASE_STRIP = NO;
				DEBUG_INFORMATION_FORMAT = dwarf;
				ENABLE_STRICT_OBJC_MSGSEND = YES;
				ENABLE_TESTABILITY = YES;
				GCC_C_LANGUAGE_STANDARD = gnu99;
				GCC_DYNAMIC_NO_PIC = NO;
				GCC_NO_COMMON_BLOCKS = YES;
				GCC_OPTIMIZATION_LEVEL = 0;
				GCC_PREPROCESSOR_DEFINITIONS = (
					"DEBUG=1",
					"$(inherited)",
				);
				GCC_WARN_64_TO_32_BIT_CONVERSION = YES;
				GCC_WARN_ABOUT_RETURN_TYPE = YES_ERROR;
				GCC_WARN_UNDECLARED_SELECTOR = YES;
				GCC_WARN_UNINITIALIZED_AUTOS = YES_AGGRESSIVE;
				GCC_WARN_UNUSED_FUNCTION = YES;
				GCC_WARN_UNUSED_VARIABLE = YES;
				IPHONEOS_DEPLOYMENT_TARGET = 9.3;
				MTL_ENABLE_DEBUG_INFO = YES;
				ONLY_ACTIVE_ARCH = YES;
				SDKROOT = iphoneos;
				SWIFT_OPTIMIZATION_LEVEL = "-Onone";
				TARGETED_DEVICE_FAMILY = "1,2";
			};
			name = Debug;
		};
		311999481CD859E10073B45C /* Release */ = {
			isa = XCBuildConfiguration;
			buildSettings = {
				ALWAYS_SEARCH_USER_PATHS = NO;
				CLANG_ANALYZER_NONNULL = YES;
				CLANG_CXX_LANGUAGE_STANDARD = "gnu++0x";
				CLANG_CXX_LIBRARY = "libc++";
				CLANG_ENABLE_MODULES = YES;
				CLANG_ENABLE_OBJC_ARC = YES;
				CLANG_WARN_BOOL_CONVERSION = YES;
				CLANG_WARN_CONSTANT_CONVERSION = YES;
				CLANG_WARN_DIRECT_OBJC_ISA_USAGE = YES_ERROR;
				CLANG_WARN_EMPTY_BODY = YES;
				CLANG_WARN_ENUM_CONVERSION = YES;
				CLANG_WARN_INT_CONVERSION = YES;
				CLANG_WARN_OBJC_ROOT_CLASS = YES_ERROR;
				CLANG_WARN_UNREACHABLE_CODE = YES;
				CLANG_WARN__DUPLICATE_METHOD_MATCH = YES;
				"CODE_SIGN_IDENTITY[sdk=iphoneos*]" = "iPhone Developer";
				COPY_PHASE_STRIP = NO;
				DEBUG_INFORMATION_FORMAT = "dwarf-with-dsym";
				ENABLE_NS_ASSERTIONS = NO;
				ENABLE_STRICT_OBJC_MSGSEND = YES;
				GCC_C_LANGUAGE_STANDARD = gnu99;
				GCC_NO_COMMON_BLOCKS = YES;
				GCC_WARN_64_TO_32_BIT_CONVERSION = YES;
				GCC_WARN_ABOUT_RETURN_TYPE = YES_ERROR;
				GCC_WARN_UNDECLARED_SELECTOR = YES;
				GCC_WARN_UNINITIALIZED_AUTOS = YES_AGGRESSIVE;
				GCC_WARN_UNUSED_FUNCTION = YES;
				GCC_WARN_UNUSED_VARIABLE = YES;
				IPHONEOS_DEPLOYMENT_TARGET = 9.3;
				MTL_ENABLE_DEBUG_INFO = NO;
				SDKROOT = iphoneos;
				TARGETED_DEVICE_FAMILY = "1,2";
				VALIDATE_PRODUCT = YES;
			};
			name = Release;
		};
		3119994A1CD859E10073B45C /* Debug */ = {
			isa = XCBuildConfiguration;
			buildSettings = {
				ASSETCATALOG_COMPILER_APPICON_NAME = AppIcon;
				EMBEDDED_CONTENT_CONTAINS_SWIFT = YES;
				INFOPLIST_FILE = ordenaTuPizza2/Info.plist;
				LD_RUNPATH_SEARCH_PATHS = "$(inherited) @executable_path/Frameworks";
				PRODUCT_BUNDLE_IDENTIFIER = cr.mapc.ordenaTuPizza2;
				PRODUCT_NAME = "$(TARGET_NAME)";
			};
			name = Debug;
		};
		3119994B1CD859E10073B45C /* Release */ = {
			isa = XCBuildConfiguration;
			buildSettings = {
				ASSETCATALOG_COMPILER_APPICON_NAME = AppIcon;
				EMBEDDED_CONTENT_CONTAINS_SWIFT = YES;
				INFOPLIST_FILE = ordenaTuPizza2/Info.plist;
				LD_RUNPATH_SEARCH_PATHS = "$(inherited) @executable_path/Frameworks";
				PRODUCT_BUNDLE_IDENTIFIER = cr.mapc.ordenaTuPizza2;
				PRODUCT_NAME = "$(TARGET_NAME)";
			};
			name = Release;
		};
		31DA0C001CE8335700BEBCAB /* Debug */ = {
			isa = XCBuildConfiguration;
			buildSettings = {
				INFOPLIST_FILE = "ordenaTuPizza2 WatchKit 1 Extension/Info.plist";
				LD_RUNPATH_SEARCH_PATHS = "$(inherited) @executable_path/Frameworks @executable_path/../../Frameworks";
				PRODUCT_BUNDLE_IDENTIFIER = cr.mapc.ordenaTuPizza2.watchkitextension;
				PRODUCT_NAME = "${TARGET_NAME}";
				SKIP_INSTALL = YES;
			};
			name = Debug;
		};
		31DA0C011CE8335700BEBCAB /* Release */ = {
			isa = XCBuildConfiguration;
			buildSettings = {
				INFOPLIST_FILE = "ordenaTuPizza2 WatchKit 1 Extension/Info.plist";
				LD_RUNPATH_SEARCH_PATHS = "$(inherited) @executable_path/Frameworks @executable_path/../../Frameworks";
				PRODUCT_BUNDLE_IDENTIFIER = cr.mapc.ordenaTuPizza2.watchkitextension;
				PRODUCT_NAME = "${TARGET_NAME}";
				SKIP_INSTALL = YES;
			};
			name = Release;
		};
		31DA0C021CE8335700BEBCAB /* Debug */ = {
			isa = XCBuildConfiguration;
			buildSettings = {
				ASSETCATALOG_COMPILER_APPICON_NAME = AppIcon;
				IBSC_MODULE = ordenaTuPizza2_WatchKit_1_Extension;
				INFOPLIST_FILE = "ordenaTuPizza2 WatchKit 1 App/Info.plist";
				IPHONEOS_DEPLOYMENT_TARGET = 8.2;
				PRODUCT_BUNDLE_IDENTIFIER = cr.mapc.ordenaTuPizza2.watchkitapp;
				PRODUCT_NAME = "$(TARGET_NAME)";
				SKIP_INSTALL = YES;
				TARGETED_DEVICE_FAMILY = 4;
				"TARGETED_DEVICE_FAMILY[sdk=iphonesimulator*]" = "1,4";
			};
			name = Debug;
		};
		31DA0C031CE8335700BEBCAB /* Release */ = {
			isa = XCBuildConfiguration;
			buildSettings = {
				ASSETCATALOG_COMPILER_APPICON_NAME = AppIcon;
				IBSC_MODULE = ordenaTuPizza2_WatchKit_1_Extension;
				INFOPLIST_FILE = "ordenaTuPizza2 WatchKit 1 App/Info.plist";
				IPHONEOS_DEPLOYMENT_TARGET = 8.2;
				PRODUCT_BUNDLE_IDENTIFIER = cr.mapc.ordenaTuPizza2.watchkitapp;
				PRODUCT_NAME = "$(TARGET_NAME)";
				SKIP_INSTALL = YES;
				TARGETED_DEVICE_FAMILY = 4;
				"TARGETED_DEVICE_FAMILY[sdk=iphonesimulator*]" = "1,4";
			};
			name = Release;
		};
/* End XCBuildConfiguration section */

/* Begin XCConfigurationList section */
		311999321CD859E10073B45C /* Build configuration list for PBXProject "ordenaTuPizza2" */ = {
			isa = XCConfigurationList;
			buildConfigurations = (
				311999471CD859E10073B45C /* Debug */,
				311999481CD859E10073B45C /* Release */,
			);
			defaultConfigurationIsVisible = 0;
			defaultConfigurationName = Release;
		};
		311999491CD859E10073B45C /* Build configuration list for PBXNativeTarget "ordenaTuPizza2" */ = {
			isa = XCConfigurationList;
			buildConfigurations = (
				3119994A1CD859E10073B45C /* Debug */,
				3119994B1CD859E10073B45C /* Release */,
			);
			defaultConfigurationIsVisible = 0;
			defaultConfigurationName = Release;
		};
		31DA0C041CE8335700BEBCAB /* Build configuration list for PBXNativeTarget "ordenaTuPizza2 WatchKit 1 App" */ = {
			isa = XCConfigurationList;
			buildConfigurations = (
				31DA0C021CE8335700BEBCAB /* Debug */,
				31DA0C031CE8335700BEBCAB /* Release */,
			);
			defaultConfigurationIsVisible = 0;
			defaultConfigurationName = Release;
		};
		31DA0C051CE8335700BEBCAB /* Build configuration list for PBXNativeTarget "ordenaTuPizza2 WatchKit 1 Extension" */ = {
			isa = XCConfigurationList;
			buildConfigurations = (
				31DA0C001CE8335700BEBCAB /* Debug */,
				31DA0C011CE8335700BEBCAB /* Release */,
			);
			defaultConfigurationIsVisible = 0;
			defaultConfigurationName = Release;
		};
/* End XCConfigurationList section */
	};
	rootObject = 3119992F1CD859E10073B45C /* Project object */;
}
